
Microsoft Visual Studio Solution File, Format Version 12.00
# Visual Studio Version 17
VisualStudioVersion = 17.4.33110.190
MinimumVisualStudioVersion = 10.0.40219.1
Project("{F2A71F9B-5D33-465A-A702-920D77279786}") = "CLI.Fsharp", "CLI.Fsharp\CLI.Fsharp.fsproj", "{7A65475E-D86D-4843-9C25-1691B53AD2A5}"
EndProject
Project("{FAE04EC0-301F-11D3-BF4B-00C04F79EFBC}") = "Consumer", "Consumer\Consumer.csproj", "{0F40CC33-7B2B-41B6-A587-1824E87FFE50}"
EndProject
Global
	GlobalSection(SolutionConfigurationPlatforms) = preSolution
		Debug|Any CPU = Debug|Any CPU
		Release|Any CPU = Release|Any CPU
	EndGlobalSection
	GlobalSection(ProjectConfigurationPlatforms) = postSolution
		{7A65475E-D86D-4843-9C25-1691B53AD2A5}.Debug|Any CPU.ActiveCfg = Debug|Any CPU
		{7A65475E-D86D-4843-9C25-1691B53AD2A5}.Debug|Any CPU.Build.0 = Debug|Any CPU
		{7A65475E-D86D-4843-9C25-1691B53AD2A5}.Release|Any CPU.ActiveCfg = Release|Any CPU
		{7A65475E-D86D-4843-9C25-1691B53AD2A5}.Release|Any CPU.Build.0 = Release|Any CPU
		{0F40CC33-7B2B-41B6-A587-1824E87FFE50}.Debug|Any CPU.ActiveCfg = Debug|Any CPU
		{0F40CC33-7B2B-41B6-A587-1824E87FFE50}.Debug|Any CPU.Build.0 = Debug|Any CPU
		{0F40CC33-7B2B-41B6-A587-1824E87FFE50}.Release|Any CPU.ActiveCfg = Release|Any CPU
		{0F40CC33-7B2B-41B6-A587-1824E87FFE50}.Release|Any CPU.Build.0 = Release|Any CPU
	EndGlobalSection
	GlobalSection(SolutionProperties) = preSolution
		HideSolutionNode = FALSE
	EndGlobalSection
	GlobalSection(ExtensibilityGlobals) = postSolution
		SolutionGuid = {6BF590C5-A771-4F29-A184-2FA3BB9C3C09}
	EndGlobalSection
EndGlobal
